{
  "originHash" : "cf57bd7c731fdcf37a77b400a39b2c0a90f101ba972decc559fe122a8855fa86",
  "pins" : [
    {
      "identity" : "swiftbox2d",
      "kind" : "remoteSourceControl",
      "location" : "https://github.com/LuizZak/SwiftBox2D.git",
      "state" : {
        "branch" : "main",
        "revision" : "e2b2346bc8e5f64ed23c9b8519144ce5c88a8254"
      }
    }
  ],
  "version" : 3
}
